
Microsoft Visual Studio Solution File, Format Version 12.00
# Visual Studio Version 17
VisualStudioVersion = 17.9.34622.214
MinimumVisualStudioVersion = 10.0.40219.1
Project("{FAE04EC0-301F-11D3-BF4B-00C04F79EFBC}") = "backend", "backend\backend.csproj", "{CF3D9344-BC4F-478F-B27C-AB1EB9574820}"
EndProject
Global
	GlobalSection(SolutionConfigurationPlatforms) = preSolution
		Debug|Any CPU = Debug|Any CPU
		Release|Any CPU = Release|Any CPU
	EndGlobalSection
	GlobalSection(ProjectConfigurationPlatforms) = postSolution
		{CF3D9344-BC4F-478F-B27C-AB1EB9574820}.Debug|Any CPU.ActiveCfg = Debug|Any CPU
		{CF3D9344-BC4F-478F-B27C-AB1EB9574820}.Debug|Any CPU.Build.0 = Debug|Any CPU
		{CF3D9344-BC4F-478F-B27C-AB1EB9574820}.Release|Any CPU.ActiveCfg = Release|Any CPU
		{CF3D9344-BC4F-478F-B27C-AB1EB9574820}.Release|Any CPU.Build.0 = Release|Any CPU
	EndGlobalSection
	GlobalSection(SolutionProperties) = preSolution
		HideSolutionNode = FALSE
	EndGlobalSection
	GlobalSection(ExtensibilityGlobals) = postSolution
		SolutionGuid = {DED27A59-4689-433C-94F7-3F38C04A016E}
	EndGlobalSection
EndGlobal
